// !$*UTF8*$!
{
	archiveVersion = 1;
	classes = {
	};
	objectVersion = 50;
	objects = {

/* Begin PBXBuildFile section */
		856567EE222183FE0004E9BB /* AppDelegate.swift in Sources */ = {isa = PBXBuildFile; fileRef = 856567ED222183FE0004E9BB /* AppDelegate.swift */; };
		856567F0222183FE0004E9BB /* HomeViewController.swift in Sources */ = {isa = PBXBuildFile; fileRef = 856567EF222183FE0004E9BB /* HomeViewController.swift */; };
		856567F3222183FE0004E9BB /* Main.storyboard in Resources */ = {isa = PBXBuildFile; fileRef = 856567F1222183FE0004E9BB /* Main.storyboard */; };
		856567F5222184000004E9BB /* Assets.xcassets in Resources */ = {isa = PBXBuildFile; fileRef = 856567F4222184000004E9BB /* Assets.xcassets */; };
		856567F8222184000004E9BB /* LaunchScreen.storyboard in Resources */ = {isa = PBXBuildFile; fileRef = 856567F6222184000004E9BB /* LaunchScreen.storyboard */; };
		85656802222184A60004E9BB /* Intents.framework in Frameworks */ = {isa = PBXBuildFile; fileRef = 85656801222184A60004E9BB /* Intents.framework */; };
/* End PBXBuildFile section */

/* Begin PBXFileReference section */
		856567EA222183FE0004E9BB /* SiriShortcuts.app */ = {isa = PBXFileReference; explicitFileType = wrapper.application; includeInIndex = 0; path = SiriShortcuts.app; sourceTree = BUILT_PRODUCTS_DIR; };
		856567ED222183FE0004E9BB /* AppDelegate.swift */ = {isa = PBXFileReference; lastKnownFileType = sourcecode.swift; path = AppDelegate.swift; sourceTree = "<group>"; };
		856567EF222183FE0004E9BB /* HomeViewController.swift */ = {isa = PBXFileReference; lastKnownFileType = sourcecode.swift; path = HomeViewController.swift; sourceTree = "<group>"; };
		856567F2222183FE0004E9BB /* Base */ = {isa = PBXFileReference; lastKnownFileType = file.storyboard; name = Base; path = Base.lproj/Main.storyboard; sourceTree = "<group>"; };
		856567F4222184000004E9BB /* Assets.xcassets */ = {isa = PBXFileReference; lastKnownFileType = folder.assetcatalog; path = Assets.xcassets; sourceTree = "<group>"; };
		856567F7222184000004E9BB /* Base */ = {isa = PBXFileReference; lastKnownFileType = file.storyboard; name = Base; path = Base.lproj/LaunchScreen.storyboard; sourceTree = "<group>"; };
		856567F9222184000004E9BB /* Info.plist */ = {isa = PBXFileReference; lastKnownFileType = text.plist.xml; path = Info.plist; sourceTree = "<group>"; };
		856567FF222184380004E9BB /* SiriShortcuts.entitlements */ = {isa = PBXFileReference; lastKnownFileType = text.plist.entitlements; path = SiriShortcuts.entitlements; sourceTree = "<group>"; };
		85656801222184A60004E9BB /* Intents.framework */ = {isa = PBXFileReference; lastKnownFileType = wrapper.framework; name = Intents.framework; path = System/Library/Frameworks/Intents.framework; sourceTree = SDKROOT; };
/* End PBXFileReference section */

/* Begin PBXFrameworksBuildPhase section */
		856567E7222183FE0004E9BB /* Frameworks */ = {
			isa = PBXFrameworksBuildPhase;
			buildActionMask = 2147483647;
			files = (
				85656802222184A60004E9BB /* Intents.framework in Frameworks */,
			);
			runOnlyForDeploymentPostprocessing = 0;
		};
/* End PBXFrameworksBuildPhase section */

/* Begin PBXGroup section */
		856567E1222183FE0004E9BB = {
			isa = PBXGroup;
			children = (
				856567EC222183FE0004E9BB /* SiriShortcuts */,
				856567EB222183FE0004E9BB /* Products */,
				85656800222184A60004E9BB /* Frameworks */,
			);
			sourceTree = "<group>";
		};
		856567EB222183FE0004E9BB /* Products */ = {
			isa = PBXGroup;
			children = (
				856567EA222183FE0004E9BB /* SiriShortcuts.app */,
			);
			name = Products;
			sourceTree = "<group>";
		};
		856567EC222183FE0004E9BB /* SiriShortcuts */ = {
			isa = PBXGroup;
			children = (
				856567FF222184380004E9BB /* SiriShortcuts.entitlements */,
				856567ED222183FE0004E9BB /* AppDelegate.swift */,
				856567EF222183FE0004E9BB /* HomeViewController.swift */,
				856567F1222183FE0004E9BB /* Main.storyboard */,
				856567F4222184000004E9BB /* Assets.xcassets */,
				856567F6222184000004E9BB /* LaunchScreen.storyboard */,
				856567F9222184000004E9BB /* Info.plist */,
			);
			path = SiriShortcuts;
			sourceTree = "<group>";
		};
		85656800222184A60004E9BB /* Frameworks */ = {
			isa = PBXGroup;
			children = (
				85656801222184A60004E9BB /* Intents.framework */,
			);
			name = Frameworks;
			sourceTree = "<group>";
		};
/* End PBXGroup section */

/* Begin PBXNativeTarget section */
		856567E9222183FE0004E9BB /* SiriShortcuts */ = {
			isa = PBXNativeTarget;
			buildConfigurationList = 856567FC222184000004E9BB /* Build configuration list for PBXNativeTarget "SiriShortcuts" */;
			buildPhases = (
				856567E6222183FE0004E9BB /* Sources */,
				856567E7222183FE0004E9BB /* Frameworks */,
				856567E8222183FE0004E9BB /* Resources */,
			);
			buildRules = (
			);
			dependencies = (
			);
			name = SiriShortcuts;
			productName = SiriShortcuts;
			productReference = 856567EA222183FE0004E9BB /* SiriShortcuts.app */;
			productType = "com.apple.product-type.application";
		};
/* End PBXNativeTarget section */

/* Begin PBXProject section */
		856567E2222183FE0004E9BB /* Project object */ = {
			isa = PBXProject;
			attributes = {
				LastSwiftUpdateCheck = 1010;
				LastUpgradeCheck = 1010;
				ORGANIZATIONNAME = "Rajtharan G";
				TargetAttributes = {
					856567E9222183FE0004E9BB = {
						CreatedOnToolsVersion = 10.1;
						SystemCapabilities = {
							com.apple.Siri = {
								enabled = 1;
							};
						};
					};
				};
			};
			buildConfigurationList = 856567E5222183FE0004E9BB /* Build configuration list for PBXProject "SiriShortcuts" */;
			compatibilityVersion = "Xcode 9.3";
			developmentRegion = en;
			hasScannedForEncodings = 0;
			knownRegions = (
				en,
				Base,
			);
			mainGroup = 856567E1222183FE0004E9BB;
			productRefGroup = 856567EB222183FE0004E9BB /* Products */;
			projectDirPath = "";
			projectRoot = "";
			targets = (
				856567E9222183FE0004E9BB /* SiriShortcuts */,
			);
		};
/* End PBXProject section */

/* Begin PBXResourcesBuildPhase section */
		856567E8222183FE0004E9BB /* Resources */ = {
			isa = PBXResourcesBuildPhase;
			buildActionMask = 2147483647;
			files = (
				856567F8222184000004E9BB /* LaunchScreen.storyboard in Resources */,
				856567F5222184000004E9BB /* Assets.xcassets in Resources */,
				856567F3222183FE0004E9BB /* Main.storyboard in Resources */,
			);
			runOnlyForDeploymentPostprocessing = 0;
		};
/* End PBXResourcesBuildPhase section */

/* Begin PBXSourcesBuildPhase section */
		856567E6222183FE0004E9BB /* Sources */ = {
			isa = PBXSourcesBuildPhase;
			buildActionMask = 2147483647;
			files = (
				856567F0222183FE0004E9BB /* HomeViewController.swift in Sources */,
				856567EE222183FE0004E9BB /* AppDelegate.swift in Sources */,
			);
			runOnlyForDeploymentPostprocessing = 0;
		};
/* End PBXSourcesBuildPhase section */

/* Begin PBXVariantGroup section */
		856567F1222183FE0004E9BB /* Main.storyboard */ = {
			isa = PBXVariantGroup;
			children = (
				856567F2222183FE0004E9BB /* Base */,
			);
			name = Main.storyboard;
			sourceTree = "<group>";
		};
		856567F6222184000004E9BB /* LaunchScreen.storyboard */ = {
			isa = PBXVariantGroup;
			children = (
				856567F7222184000004E9BB /* Base */,
			);
			name = LaunchScreen.storyboard;
			sourceTree = "<group>";
		};
/* End PBXVariantGroup section */

/* Begin XCBuildConfiguration section */
		856567FA222184000004E9BB /* Debug */ = {
			isa = XCBuildConfiguration;
			buildSettings = {
				ALWAYS_SEARCH_USER_PATHS = NO;
				CLANG_ANALYZER_NONNULL = YES;
				CLANG_ANALYZER_NUMBER_OBJECT_CONVERSION = YES_AGGRESSIVE;
				CLANG_CXX_LANGUAGE_STANDARD = "gnu++14";
				CLANG_CXX_LIBRARY = "libc++";
				CLANG_ENABLE_MODULES = YES;
				CLANG_ENABLE_OBJC_ARC = YES;
				CLANG_ENABLE_OBJC_WEAK = YES;
				CLANG_WARN_BLOCK_CAPTURE_AUTORELEASING = YES;
				CLANG_WARN_BOOL_CONVERSION = YES;
				CLANG_WARN_COMMA = YES;
				CLANG_WARN_CONSTANT_CONVERSION = YES;
				CLANG_WARN_DEPRECATED_OBJC_IMPLEMENTATIONS = YES;
				CLANG_WARN_DIRECT_OBJC_ISA_USAGE = YES_ERROR;
				CLANG_WARN_DOCUMENTATION_COMMENTS = YES;
				CLANG_WARN_EMPTY_BODY = YES;
				CLANG_WARN_ENUM_CONVERSION = YES;
				CLANG_WARN_INFINITE_RECURSION = YES;
				CLANG_WARN_INT_CONVERSION = YES;
				CLANG_WARN_NON_LITERAL_NULL_CONVERSION = YES;
				CLANG_WARN_OBJC_IMPLICIT_RETAIN_SELF = YES;
				CLANG_WARN_OBJC_LITERAL_CONVERSION = YES;
				CLANG_WARN_OBJC_ROOT_CLASS = YES_ERROR;
				CLANG_WARN_RANGE_LOOP_ANALYSIS = YES;
				CLANG_WARN_STRICT_PROTOTYPES = YES;
				CLANG_WARN_SUSPICIOUS_MOVE = YES;
				CLANG_WARN_UNGUARDED_AVAILABILITY = YES_AGGRESSIVE;
				CLANG_WARN_UNREACHABLE_CODE = YES;
				CLANG_WARN__DUPLICATE_METHOD_MATCH = YES;
				CODE_SIGN_IDENTITY = "iPhone Developer";
				COPY_PHASE_STRIP = NO;
				DEBUG_INFORMATION_FORMAT = dwarf;
				ENABLE_STRICT_OBJC_MSGSEND = YES;
				ENABLE_TESTABILITY = YES;
				GCC_C_LANGUAGE_STANDARD = gnu11;
				GCC_DYNAMIC_NO_PIC = NO;
				GCC_NO_COMMON_BLOCKS = YES;
				GCC_OPTIMIZATION_LEVEL = 0;
				GCC_PREPROCESSOR_DEFINITIONS = (
					"DEBUG=1",
					"$(inherited)",
				);
				GCC_WARN_64_TO_32_BIT_CONVERSION = YES;
				GCC_WARN_ABOUT_RETURN_TYPE = YES_ERROR;
				GCC_WARN_UNDECLARED_SELECTOR = YES;
				GCC_WARN_UNINITIALIZED_AUTOS = YES_AGGRESSIVE;
				GCC_WARN_UNUSED_FUNCTION = YES;
				GCC_WARN_UNUSED_VARIABLE = YES;
				IPHONEOS_DEPLOYMENT_TARGET = 12.1;
				MTL_ENABLE_DEBUG_INFO = INCLUDE_SOURCE;
				MTL_FAST_MATH = YES;
				ONLY_ACTIVE_ARCH = YES;
				SDKROOT = iphoneos;
				SWIFT_ACTIVE_COMPILATION_CONDITIONS = DEBUG;
				SWIFT_OPTIMIZATION_LEVEL = "-Onone";
			};
			name = Debug;
		};
		856567FB222184000004E9BB /* Release */ = {
			isa = XCBuildConfiguration;
			buildSettings = {
				ALWAYS_SEARCH_USER_PATHS = NO;
				CLANG_ANALYZER_NONNULL = YES;
				CLANG_ANALYZER_NUMBER_OBJECT_CONVERSION = YES_AGGRESSIVE;
				CLANG_CXX_LANGUAGE_STANDARD = "gnu++14";
				CLANG_CXX_LIBRARY = "libc++";
				CLANG_ENABLE_MODULES = YES;
				CLANG_ENABLE_OBJC_ARC = YES;
				CLANG_ENABLE_OBJC_WEAK = YES;
				CLANG_WARN_BLOCK_CAPTURE_AUTORELEASING = YES;
				CLANG_WARN_BOOL_CONVERSION = YES;
				CLANG_WARN_COMMA = YES;
				CLANG_WARN_CONSTANT_CONVERSION = YES;
				CLANG_WARN_DEPRECATED_OBJC_IMPLEMENTATIONS = YES;
				CLANG_WARN_DIRECT_OBJC_ISA_USAGE = YES_ERROR;
				CLANG_WARN_DOCUMENTATION_COMMENTS = YES;
				CLANG_WARN_EMPTY_BODY = YES;
				CLANG_WARN_ENUM_CONVERSION = YES;
				CLANG_WARN_INFINITE_RECURSION = YES;
				CLANG_WARN_INT_CONVERSION = YES;
				CLANG_WARN_NON_LITERAL_NULL_CONVERSION = YES;
				CLANG_WARN_OBJC_IMPLICIT_RETAIN_SELF = YES;
				CLANG_WARN_OBJC_LITERAL_CONVERSION = YES;
				CLANG_WARN_OBJC_ROOT_CLASS = YES_ERROR;
				CLANG_WARN_RANGE_LOOP_ANALYSIS = YES;
				CLANG_WARN_STRICT_PROTOTYPES = YES;
				CLANG_WARN_SUSPICIOUS_MOVE = YES;
				CLANG_WARN_UNGUARDED_AVAILABILITY = YES_AGGRESSIVE;
				CLANG_WARN_UNREACHABLE_CODE = YES;
				CLANG_WARN__DUPLICATE_METHOD_MATCH = YES;
				CODE_SIGN_IDENTITY = "iPhone Developer";
				COPY_PHASE_STRIP = NO;
				DEBUG_INFORMATION_FORMAT = "dwarf-with-dsym";
				ENABLE_NS_ASSERTIONS = NO;
				ENABLE_STRICT_OBJC_MSGSEND = YES;
				GCC_C_LANGUAGE_STANDARD = gnu11;
				GCC_NO_COMMON_BLOCKS = YES;
				GCC_WARN_64_TO_32_BIT_CONVERSION = YES;
				GCC_WARN_ABOUT_RETURN_TYPE = YES_ERROR;
				GCC_WARN_UNDECLARED_SELECTOR = YES;
				GCC_WARN_UNINITIALIZED_AUTOS = YES_AGGRESSIVE;
				GCC_WARN_UNUSED_FUNCTION = YES;
				GCC_WARN_UNUSED_VARIABLE = YES;
				IPHONEOS_DEPLOYMENT_TARGET = 12.1;
				MTL_ENABLE_DEBUG_INFO = NO;
				MTL_FAST_MATH = YES;
				SDKROOT = iphoneos;
				SWIFT_COMPILATION_MODE = wholemodule;
				SWIFT_OPTIMIZATION_LEVEL = "-O";
				VALIDATE_PRODUCT = YES;
			};
			name = Release;
		};
		856567FD222184000004E9BB /* Debug */ = {
			isa = XCBuildConfiguration;
			buildSettings = {
				ASSETCATALOG_COMPILER_APPICON_NAME = AppIcon;
				CODE_SIGN_ENTITLEMENTS = SiriShortcuts/SiriShortcuts.entitlements;
				CODE_SIGN_STYLE = Automatic;
				DEVELOPMENT_TEAM = GAD2ZSQLM4;
				INFOPLIST_FILE = SiriShortcuts/Info.plist;
				LD_RUNPATH_SEARCH_PATHS = (
					"$(inherited)",
					"@executable_path/Frameworks",
				);
				PRODUCT_BUNDLE_IDENTIFIER = com.infivention.SiriShortcuts;
				PRODUCT_NAME = "$(TARGET_NAME)";
				SWIFT_VERSION = 4.2;
				TARGETED_DEVICE_FAMILY = "1,2";
			};
			name = Debug;
		};
		856567FE222184000004E9BB /* Release */ = {
			isa = XCBuildConfiguration;
			buildSettings = {
				ASSETCATALOG_COMPILER_APPICON_NAME = AppIcon;
				CODE_SIGN_ENTITLEMENTS = SiriShortcuts/SiriShortcuts.entitlements;
				CODE_SIGN_STYLE = Automatic;
				DEVELOPMENT_TEAM = GAD2ZSQLM4;
				INFOPLIST_FILE = SiriShortcuts/Info.plist;
				LD_RUNPATH_SEARCH_PATHS = (
					"$(inherited)",
					"@executable_path/Frameworks",
				);
				PRODUCT_BUNDLE_IDENTIFIER = com.infivention.SiriShortcuts;
				PRODUCT_NAME = "$(TARGET_NAME)";
				SWIFT_VERSION = 4.2;
				TARGETED_DEVICE_FAMILY = "1,2";
			};
			name = Release;
		};
/* End XCBuildConfiguration section */

/* Begin XCConfigurationList section */
		856567E5222183FE0004E9BB /* Build configuration list for PBXProject "SiriShortcuts" */ = {
			isa = XCConfigurationList;
			buildConfigurations = (
				856567FA222184000004E9BB /* Debug */,
				856567FB222184000004E9BB /* Release */,
			);
			defaultConfigurationIsVisible = 0;
			defaultConfigurationName = Release;
		};
		856567FC222184000004E9BB /* Build configuration list for PBXNativeTarget "SiriShortcuts" */ = {
			isa = XCConfigurationList;
			buildConfigurations = (
				856567FD222184000004E9BB /* Debug */,
				856567FE222184000004E9BB /* Release */,
			);
			defaultConfigurationIsVisible = 0;
			defaultConfigurationName = Release;
		};
/* End XCConfigurationList section */
	};
	rootObject = 856567E2222183FE0004E9BB /* Project object */;
}
